
Microsoft Visual Studio Solution File, Format Version 12.00
# Visual Studio Version 17
VisualStudioVersion = 17.4.32916.344
MinimumVisualStudioVersion = 10.0.40219.1
Project("{2150E333-8FDC-42A3-9474-1A3956D46DE8}") = "Packaging", "Packaging", "{4BBC6C8F-9039-451C-B3B2-F6811E04F395}"
EndProject
Project("{2150E333-8FDC-42A3-9474-1A3956D46DE8}") = "Elementos de la solución", "Elementos de la solución", "{BCDBF1FA-9E64-4BBA-8331-8BDA603FDA6B}"
	ProjectSection(SolutionItems) = preProject
		.github\workflows\dotnet.yml = .github\workflows\dotnet.yml
		ReadMe.md = ReadMe.md
	EndProjectSection
EndProject
Project("{9A19103F-16F7-4668-BE54-9A1E7A4F7556}") = "SourceCrafter.MappingGenerator", "SourceCrafter.MappingGenerator\SourceCrafter.MappingGenerator.csproj", "{96EC0976-5E4F-4ECF-A63B-C5303677D250}"
EndProject
Project("{9A19103F-16F7-4668-BE54-9A1E7A4F7556}") = "SourceCrafter.MappingGenerator.UnitTests", "SourceCrafter.MappingGenerator.UnitTests\SourceCrafter.MappingGenerator.UnitTests.csproj", "{D6E0DD9D-5DEA-431A-9F0C-267262388EA9}"
EndProject
Project("{D954291E-2A0B-460D-934E-DC6B0785DB48}") = "SourceCrafter.Extensions.String", "..\SourceCrafter.Extensions\SourceCrafter.Extensions.String\SourceCrafter.Extensions.String.shproj", "{DFE6F600-475A-4E96-8EA1-563BA7D9F7FD}"
EndProject
Project("{D954291E-2A0B-460D-934E-DC6B0785DB48}") = "SourceCrafter.Extensions.Collections", "..\SourceCrafter.Extensions\SourceCrafter.Extensions.Collections\SourceCrafter.Extensions.Collections.shproj", "{670BE6BB-DE79-4B66-B485-FD67C4440CC9}"
EndProject
Project("{D954291E-2A0B-460D-934E-DC6B0785DB48}") = "SourceCrafter.Extensions.Roslyn", "..\SourceCrafter.Extensions\SourceCrafter.Extensions.Roslyn\SourceCrafter.Extensions.Roslyn.shproj", "{A32BC307-F241-401B-9B59-5C0E8C367051}"
EndProject
Global
	GlobalSection(SolutionConfigurationPlatforms) = preSolution
		Debug|Any CPU = Debug|Any CPU
		Release|Any CPU = Release|Any CPU
		Test|Any CPU = Test|Any CPU
	EndGlobalSection
	GlobalSection(ProjectConfigurationPlatforms) = postSolution
		{96EC0976-5E4F-4ECF-A63B-C5303677D250}.Debug|Any CPU.ActiveCfg = Debug|Any CPU
		{96EC0976-5E4F-4ECF-A63B-C5303677D250}.Debug|Any CPU.Build.0 = Debug|Any CPU
		{96EC0976-5E4F-4ECF-A63B-C5303677D250}.Release|Any CPU.ActiveCfg = Release|Any CPU
		{96EC0976-5E4F-4ECF-A63B-C5303677D250}.Release|Any CPU.Build.0 = Release|Any CPU
		{96EC0976-5E4F-4ECF-A63B-C5303677D250}.Test|Any CPU.ActiveCfg = Test|Any CPU
		{96EC0976-5E4F-4ECF-A63B-C5303677D250}.Test|Any CPU.Build.0 = Test|Any CPU
		{D6E0DD9D-5DEA-431A-9F0C-267262388EA9}.Debug|Any CPU.ActiveCfg = Debug|Any CPU
		{D6E0DD9D-5DEA-431A-9F0C-267262388EA9}.Debug|Any CPU.Build.0 = Debug|Any CPU
		{D6E0DD9D-5DEA-431A-9F0C-267262388EA9}.Release|Any CPU.ActiveCfg = Release|Any CPU
		{D6E0DD9D-5DEA-431A-9F0C-267262388EA9}.Release|Any CPU.Build.0 = Release|Any CPU
		{D6E0DD9D-5DEA-431A-9F0C-267262388EA9}.Test|Any CPU.ActiveCfg = Test|Any CPU
		{D6E0DD9D-5DEA-431A-9F0C-267262388EA9}.Test|Any CPU.Build.0 = Test|Any CPU
	EndGlobalSection
	GlobalSection(SolutionProperties) = preSolution
		HideSolutionNode = FALSE
	EndGlobalSection
	GlobalSection(ExtensibilityGlobals) = postSolution
		SolutionGuid = {17708AA6-E9D1-43A1-9722-36E1383A1834}
	EndGlobalSection
	GlobalSection(SharedMSBuildProjectFiles) = preSolution
		..\SourceCrafter.Extensions\SourceCrafter.Extensions.Collections\SourceCrafter.Extensions.Collections.projitems*{670be6bb-de79-4b66-b485-fd67c4440cc9}*SharedItemsImports = 13
		..\SourceCrafter.Extensions\SourceCrafter.Extensions.Collections\SourceCrafter.Extensions.Collections.projitems*{96ec0976-5e4f-4ecf-a63b-c5303677d250}*SharedItemsImports = 5
		..\SourceCrafter.Extensions\SourceCrafter.Extensions.Roslyn\SourceCrafter.Extensions.Roslyn.projitems*{96ec0976-5e4f-4ecf-a63b-c5303677d250}*SharedItemsImports = 5
		..\SourceCrafter.Extensions\SourceCrafter.Extensions.String\SourceCrafter.Extensions.String.projitems*{96ec0976-5e4f-4ecf-a63b-c5303677d250}*SharedItemsImports = 5
		..\SourceCrafter.Extensions\SourceCrafter.Extensions.Roslyn\SourceCrafter.Extensions.Roslyn.projitems*{a32bc307-f241-401b-9b59-5c0e8c367051}*SharedItemsImports = 13
		..\SourceCrafter.Extensions\SourceCrafter.Extensions.String\SourceCrafter.Extensions.String.projitems*{dfe6f600-475a-4e96-8ea1-563ba7d9f7fd}*SharedItemsImports = 13
	EndGlobalSection
EndGlobal
